
Microsoft Visual Studio Solution File, Format Version 12.00
# Visual Studio 15
VisualStudioVersion = 15.0.27130.2027
MinimumVisualStudioVersion = 10.0.40219.1
Project("{FAE04EC0-301F-11D3-BF4B-00C04F79EFBC}") = "UnturnedSL", "UnturnedSL\UnturnedSL.csproj", "{503C0011-FEC9-4481-BE46-2D31A206CA6F}"
EndProject
Global
	GlobalSection(SolutionConfigurationPlatforms) = preSolution
		Debug|Any CPU = Debug|Any CPU
		Release|Any CPU = Release|Any CPU
	EndGlobalSection
	GlobalSection(ProjectConfigurationPlatforms) = postSolution
		{503C0011-FEC9-4481-BE46-2D31A206CA6F}.Debug|Any CPU.ActiveCfg = Debug|Any CPU
		{503C0011-FEC9-4481-BE46-2D31A206CA6F}.Debug|Any CPU.Build.0 = Debug|Any CPU
		{503C0011-FEC9-4481-BE46-2D31A206CA6F}.Release|Any CPU.ActiveCfg = Release|Any CPU
		{503C0011-FEC9-4481-BE46-2D31A206CA6F}.Release|Any CPU.Build.0 = Release|Any CPU
	EndGlobalSection
	GlobalSection(SolutionProperties) = preSolution
		HideSolutionNode = FALSE
	EndGlobalSection
	GlobalSection(ExtensibilityGlobals) = postSolution
		SolutionGuid = {1734929B-99F4-4B49-8F65-468B5E2354D6}
	EndGlobalSection
EndGlobal
